// !$*UTF8*$!
{
	archiveVersion = 1;
	classes = {
	};
	objectVersion = 56;
	objects = {

/* Begin PBXBuildFile section */
		C91700122949C6780052AB4F /* ForecastViewController.swift in Sources */ = {isa = PBXBuildFile; fileRef = C91700112949C6780052AB4F /* ForecastViewController.swift */; };
		C91700162949C67E0052AB4F /* ForecastCell.swift in Sources */ = {isa = PBXBuildFile; fileRef = C91700152949C67E0052AB4F /* ForecastCell.swift */; };
		C91700172949C67E0052AB4F /* HourlyCell.swift in Sources */ = {isa = PBXBuildFile; fileRef = C91700132949C67D0052AB4F /* HourlyCell.swift */; };
		C91700182949C67E0052AB4F /* SelfConfiguringCell.swift in Sources */ = {isa = PBXBuildFile; fileRef = C91700142949C67E0052AB4F /* SelfConfiguringCell.swift */; };
		C917001A2949C6810052AB4F /* ViewController.swift in Sources */ = {isa = PBXBuildFile; fileRef = C91700192949C6800052AB4F /* ViewController.swift */; };
		C917001F2949C6850052AB4F /* ImageViewExtension.swift in Sources */ = {isa = PBXBuildFile; fileRef = C917001E2949C6840052AB4F /* ImageViewExtension.swift */; };
		C91700202949C6850052AB4F /* KelvinToCelciusConvertor.swift in Sources */ = {isa = PBXBuildFile; fileRef = C917001C2949C6840052AB4F /* KelvinToCelciusConvertor.swift */; };
		C91700212949C6850052AB4F /* DateExtension.swift in Sources */ = {isa = PBXBuildFile; fileRef = C917001B2949C6840052AB4F /* DateExtension.swift */; };
		C91700222949C6850052AB4F /* IntExtension.swift in Sources */ = {isa = PBXBuildFile; fileRef = C917001D2949C6840052AB4F /* IntExtension.swift */; };
		C91700252949C68B0052AB4F /* Weather.swift in Sources */ = {isa = PBXBuildFile; fileRef = C91700242949C68B0052AB4F /* Weather.swift */; };
		C91700262949C68B0052AB4F /* Forecast.swift in Sources */ = {isa = PBXBuildFile; fileRef = C91700232949C68B0052AB4F /* Forecast.swift */; };
		C917002A2949C6920052AB4F /* NetworkManagerProtocol.swift in Sources */ = {isa = PBXBuildFile; fileRef = C91700272949C6920052AB4F /* NetworkManagerProtocol.swift */; };
		C917002B2949C6920052AB4F /* NetworkProperties.swift in Sources */ = {isa = PBXBuildFile; fileRef = C91700282949C6920052AB4F /* NetworkProperties.swift */; };
		C917002C2949C6920052AB4F /* WeatherNetworkManager.swift in Sources */ = {isa = PBXBuildFile; fileRef = C91700292949C6920052AB4F /* WeatherNetworkManager.swift */; };
		C93D7F952949BE7100C86A7F /* SceneDelegate.swift in Sources */ = {isa = PBXBuildFile; fileRef = C93D7F942949BE7100C86A7F /* SceneDelegate.swift */; };
		C93D7F972949BE7B00C86A7F /* AppDelegate.swift in Sources */ = {isa = PBXBuildFile; fileRef = C93D7F962949BE7B00C86A7F /* AppDelegate.swift */; };
		C995623B29495C9F00DDB2B8 /* Assets.xcassets in Resources */ = {isa = PBXBuildFile; fileRef = C995623A29495C9F00DDB2B8 /* Assets.xcassets */; };
		C995623E29495C9F00DDB2B8 /* LaunchScreen.storyboard in Resources */ = {isa = PBXBuildFile; fileRef = C995623C29495C9F00DDB2B8 /* LaunchScreen.storyboard */; };
		C995624929495C9F00DDB2B8 /* Weather_AppTests.swift in Sources */ = {isa = PBXBuildFile; fileRef = C995624829495C9F00DDB2B8 /* Weather_AppTests.swift */; };
		C995625329495C9F00DDB2B8 /* Weather_AppUITests.swift in Sources */ = {isa = PBXBuildFile; fileRef = C995625229495C9F00DDB2B8 /* Weather_AppUITests.swift */; };
		C995625529495C9F00DDB2B8 /* Weather_AppUITestsLaunchTests.swift in Sources */ = {isa = PBXBuildFile; fileRef = C995625429495C9F00DDB2B8 /* Weather_AppUITestsLaunchTests.swift */; };
		C995626C2949638900DDB2B8 /* Info.plist in Resources */ = {isa = PBXBuildFile; fileRef = C995626B2949638900DDB2B8 /* Info.plist */; };
		C995626E2949639600DDB2B8 /* Info.plist in Resources */ = {isa = PBXBuildFile; fileRef = C995626D2949639600DDB2B8 /* Info.plist */; };
/* End PBXBuildFile section */

/* Begin PBXContainerItemProxy section */
		C995624529495C9F00DDB2B8 /* PBXContainerItemProxy */ = {
			isa = PBXContainerItemProxy;
			containerPortal = C995622629495C9D00DDB2B8 /* Project object */;
			proxyType = 1;
			remoteGlobalIDString = C995622D29495C9E00DDB2B8;
			remoteInfo = "Weather-App";
		};
		C995624F29495C9F00DDB2B8 /* PBXContainerItemProxy */ = {
			isa = PBXContainerItemProxy;
			containerPortal = C995622629495C9D00DDB2B8 /* Project object */;
			proxyType = 1;
			remoteGlobalIDString = C995622D29495C9E00DDB2B8;
			remoteInfo = "Weather-App";
		};
/* End PBXContainerItemProxy section */

/* Begin PBXFileReference section */
		C91700112949C6780052AB4F /* ForecastViewController.swift */ = {isa = PBXFileReference; lastKnownFileType = sourcecode.swift; path = ForecastViewController.swift; sourceTree = "<group>"; };
		C91700132949C67D0052AB4F /* HourlyCell.swift */ = {isa = PBXFileReference; lastKnownFileType = sourcecode.swift; path = HourlyCell.swift; sourceTree = "<group>"; };
		C91700142949C67E0052AB4F /* SelfConfiguringCell.swift */ = {isa = PBXFileReference; lastKnownFileType = sourcecode.swift; path = SelfConfiguringCell.swift; sourceTree = "<group>"; };
		C91700152949C67E0052AB4F /* ForecastCell.swift */ = {isa = PBXFileReference; lastKnownFileType = sourcecode.swift; path = ForecastCell.swift; sourceTree = "<group>"; };
		C91700192949C6800052AB4F /* ViewController.swift */ = {isa = PBXFileReference; lastKnownFileType = sourcecode.swift; path = ViewController.swift; sourceTree = "<group>"; };
		C917001B2949C6840052AB4F /* DateExtension.swift */ = {isa = PBXFileReference; lastKnownFileType = sourcecode.swift; path = DateExtension.swift; sourceTree = "<group>"; };
		C917001C2949C6840052AB4F /* KelvinToCelciusConvertor.swift */ = {isa = PBXFileReference; lastKnownFileType = sourcecode.swift; path = KelvinToCelciusConvertor.swift; sourceTree = "<group>"; };
		C917001D2949C6840052AB4F /* IntExtension.swift */ = {isa = PBXFileReference; lastKnownFileType = sourcecode.swift; path = IntExtension.swift; sourceTree = "<group>"; };
		C917001E2949C6840052AB4F /* ImageViewExtension.swift */ = {isa = PBXFileReference; lastKnownFileType = sourcecode.swift; path = ImageViewExtension.swift; sourceTree = "<group>"; };
		C91700232949C68B0052AB4F /* Forecast.swift */ = {isa = PBXFileReference; lastKnownFileType = sourcecode.swift; path = Forecast.swift; sourceTree = "<group>"; };
		C91700242949C68B0052AB4F /* Weather.swift */ = {isa = PBXFileReference; lastKnownFileType = sourcecode.swift; path = Weather.swift; sourceTree = "<group>"; };
		C91700272949C6920052AB4F /* NetworkManagerProtocol.swift */ = {isa = PBXFileReference; lastKnownFileType = sourcecode.swift; path = NetworkManagerProtocol.swift; sourceTree = "<group>"; };
		C91700282949C6920052AB4F /* NetworkProperties.swift */ = {isa = PBXFileReference; lastKnownFileType = sourcecode.swift; path = NetworkProperties.swift; sourceTree = "<group>"; };
		C91700292949C6920052AB4F /* WeatherNetworkManager.swift */ = {isa = PBXFileReference; lastKnownFileType = sourcecode.swift; path = WeatherNetworkManager.swift; sourceTree = "<group>"; };
		C93D7F942949BE7100C86A7F /* SceneDelegate.swift */ = {isa = PBXFileReference; fileEncoding = 4; lastKnownFileType = sourcecode.swift; path = SceneDelegate.swift; sourceTree = "<group>"; };
		C93D7F962949BE7B00C86A7F /* AppDelegate.swift */ = {isa = PBXFileReference; fileEncoding = 4; lastKnownFileType = sourcecode.swift; path = AppDelegate.swift; sourceTree = "<group>"; };
		C995622E29495C9E00DDB2B8 /* Weather-App.app */ = {isa = PBXFileReference; explicitFileType = wrapper.application; includeInIndex = 0; path = "Weather-App.app"; sourceTree = BUILT_PRODUCTS_DIR; };
		C995623A29495C9F00DDB2B8 /* Assets.xcassets */ = {isa = PBXFileReference; lastKnownFileType = folder.assetcatalog; path = Assets.xcassets; sourceTree = "<group>"; };
		C995623D29495C9F00DDB2B8 /* Base */ = {isa = PBXFileReference; lastKnownFileType = file.storyboard; name = Base; path = Base.lproj/LaunchScreen.storyboard; sourceTree = "<group>"; };
		C995623F29495C9F00DDB2B8 /* Info.plist */ = {isa = PBXFileReference; lastKnownFileType = text.plist.xml; path = Info.plist; sourceTree = "<group>"; };
		C995624429495C9F00DDB2B8 /* Weather-AppTests.xctest */ = {isa = PBXFileReference; explicitFileType = wrapper.cfbundle; includeInIndex = 0; path = "Weather-AppTests.xctest"; sourceTree = BUILT_PRODUCTS_DIR; };
		C995624829495C9F00DDB2B8 /* Weather_AppTests.swift */ = {isa = PBXFileReference; lastKnownFileType = sourcecode.swift; path = Weather_AppTests.swift; sourceTree = "<group>"; };
		C995624E29495C9F00DDB2B8 /* Weather-AppUITests.xctest */ = {isa = PBXFileReference; explicitFileType = wrapper.cfbundle; includeInIndex = 0; path = "Weather-AppUITests.xctest"; sourceTree = BUILT_PRODUCTS_DIR; };
		C995625229495C9F00DDB2B8 /* Weather_AppUITests.swift */ = {isa = PBXFileReference; lastKnownFileType = sourcecode.swift; path = Weather_AppUITests.swift; sourceTree = "<group>"; };
		C995625429495C9F00DDB2B8 /* Weather_AppUITestsLaunchTests.swift */ = {isa = PBXFileReference; lastKnownFileType = sourcecode.swift; path = Weather_AppUITestsLaunchTests.swift; sourceTree = "<group>"; };
		C995626B2949638900DDB2B8 /* Info.plist */ = {isa = PBXFileReference; fileEncoding = 4; lastKnownFileType = text.plist.xml; path = Info.plist; sourceTree = "<group>"; };
		C995626D2949639600DDB2B8 /* Info.plist */ = {isa = PBXFileReference; fileEncoding = 4; lastKnownFileType = text.plist.xml; path = Info.plist; sourceTree = "<group>"; };
/* End PBXFileReference section */

/* Begin PBXFrameworksBuildPhase section */
		C995622B29495C9E00DDB2B8 /* Frameworks */ = {
			isa = PBXFrameworksBuildPhase;
			buildActionMask = 2147483647;
			files = (
			);
			runOnlyForDeploymentPostprocessing = 0;
		};
		C995624129495C9F00DDB2B8 /* Frameworks */ = {
			isa = PBXFrameworksBuildPhase;
			buildActionMask = 2147483647;
			files = (
			);
			runOnlyForDeploymentPostprocessing = 0;
		};
		C995624B29495C9F00DDB2B8 /* Frameworks */ = {
			isa = PBXFrameworksBuildPhase;
			buildActionMask = 2147483647;
			files = (
			);
			runOnlyForDeploymentPostprocessing = 0;
		};
/* End PBXFrameworksBuildPhase section */

/* Begin PBXGroup section */
		C91700302949C9360052AB4F /* Extension */ = {
			isa = PBXGroup;
			children = (
				C917001B2949C6840052AB4F /* DateExtension.swift */,
				C917001D2949C6840052AB4F /* IntExtension.swift */,
				C917001E2949C6840052AB4F /* ImageViewExtension.swift */,
				C917001C2949C6840052AB4F /* KelvinToCelciusConvertor.swift */,
			);
			path = Extension;
			sourceTree = "<group>";
		};
		C91700332949C9750052AB4F /* Cells */ = {
			isa = PBXGroup;
			children = (
				C91700152949C67E0052AB4F /* ForecastCell.swift */,
				C91700132949C67D0052AB4F /* HourlyCell.swift */,
				C91700142949C67E0052AB4F /* SelfConfiguringCell.swift */,
			);
			path = Cells;
			sourceTree = "<group>";
		};
		C91700352949C99B0052AB4F /* NetworkManagers */ = {
			isa = PBXGroup;
			children = (
				C91700272949C6920052AB4F /* NetworkManagerProtocol.swift */,
				C91700282949C6920052AB4F /* NetworkProperties.swift */,
				C91700292949C6920052AB4F /* WeatherNetworkManager.swift */,
			);
			path = NetworkManagers;
			sourceTree = "<group>";
		};
		C91700362949C9B10052AB4F /* Models */ = {
			isa = PBXGroup;
			children = (
				C91700232949C68B0052AB4F /* Forecast.swift */,
				C91700242949C68B0052AB4F /* Weather.swift */,
			);
			path = Models;
			sourceTree = "<group>";
		};
		C91700382949C9CF0052AB4F /* Controller */ = {
			isa = PBXGroup;
			children = (
				C91700112949C6780052AB4F /* ForecastViewController.swift */,
				C91700192949C6800052AB4F /* ViewController.swift */,
			);
			path = Controller;
			sourceTree = "<group>";
		};
		C995622529495C9D00DDB2B8 = {
			isa = PBXGroup;
			children = (
				C995623029495C9E00DDB2B8 /* Weather-App */,
				C995624729495C9F00DDB2B8 /* Weather-AppTests */,
				C995625129495C9F00DDB2B8 /* Weather-AppUITests */,
				C995622F29495C9E00DDB2B8 /* Products */,
			);
			sourceTree = "<group>";
		};
		C995622F29495C9E00DDB2B8 /* Products */ = {
			isa = PBXGroup;
			children = (
				C995622E29495C9E00DDB2B8 /* Weather-App.app */,
				C995624429495C9F00DDB2B8 /* Weather-AppTests.xctest */,
				C995624E29495C9F00DDB2B8 /* Weather-AppUITests.xctest */,
			);
			name = Products;
			sourceTree = "<group>";
		};
		C995623029495C9E00DDB2B8 /* Weather-App */ = {
			isa = PBXGroup;
			children = (
				C91700382949C9CF0052AB4F /* Controller */,
				C91700362949C9B10052AB4F /* Models */,
				C91700352949C99B0052AB4F /* NetworkManagers */,
				C91700332949C9750052AB4F /* Cells */,
				C91700302949C9360052AB4F /* Extension */,
				C93D7F962949BE7B00C86A7F /* AppDelegate.swift */,
				C93D7F942949BE7100C86A7F /* SceneDelegate.swift */,
				C995623A29495C9F00DDB2B8 /* Assets.xcassets */,
				C995623C29495C9F00DDB2B8 /* LaunchScreen.storyboard */,
				C995623F29495C9F00DDB2B8 /* Info.plist */,
			);
			path = "Weather-App";
			sourceTree = "<group>";
		};
		C995624729495C9F00DDB2B8 /* Weather-AppTests */ = {
			isa = PBXGroup;
			children = (
				C995624829495C9F00DDB2B8 /* Weather_AppTests.swift */,
				C995626B2949638900DDB2B8 /* Info.plist */,
			);
			path = "Weather-AppTests";
			sourceTree = "<group>";
		};
		C995625129495C9F00DDB2B8 /* Weather-AppUITests */ = {
			isa = PBXGroup;
			children = (
				C995625229495C9F00DDB2B8 /* Weather_AppUITests.swift */,
				C995625429495C9F00DDB2B8 /* Weather_AppUITestsLaunchTests.swift */,
				C995626D2949639600DDB2B8 /* Info.plist */,
			);
			path = "Weather-AppUITests";
			sourceTree = "<group>";
		};
/* End PBXGroup section */

/* Begin PBXNativeTarget section */
		C995622D29495C9E00DDB2B8 /* Weather-App */ = {
			isa = PBXNativeTarget;
			buildConfigurationList = C995625829495C9F00DDB2B8 /* Build configuration list for PBXNativeTarget "Weather-App" */;
			buildPhases = (
				C995622A29495C9E00DDB2B8 /* Sources */,
				C995622B29495C9E00DDB2B8 /* Frameworks */,
				C995622C29495C9E00DDB2B8 /* Resources */,
			);
			buildRules = (
			);
			dependencies = (
			);
			name = "Weather-App";
			productName = "Weather-App";
			productReference = C995622E29495C9E00DDB2B8 /* Weather-App.app */;
			productType = "com.apple.product-type.application";
		};
		C995624329495C9F00DDB2B8 /* Weather-AppTests */ = {
			isa = PBXNativeTarget;
			buildConfigurationList = C995625B29495C9F00DDB2B8 /* Build configuration list for PBXNativeTarget "Weather-AppTests" */;
			buildPhases = (
				C995624029495C9F00DDB2B8 /* Sources */,
				C995624129495C9F00DDB2B8 /* Frameworks */,
				C995624229495C9F00DDB2B8 /* Resources */,
			);
			buildRules = (
			);
			dependencies = (
				C995624629495C9F00DDB2B8 /* PBXTargetDependency */,
			);
			name = "Weather-AppTests";
			productName = "Weather-AppTests";
			productReference = C995624429495C9F00DDB2B8 /* Weather-AppTests.xctest */;
			productType = "com.apple.product-type.bundle.unit-test";
		};
		C995624D29495C9F00DDB2B8 /* Weather-AppUITests */ = {
			isa = PBXNativeTarget;
			buildConfigurationList = C995625E29495C9F00DDB2B8 /* Build configuration list for PBXNativeTarget "Weather-AppUITests" */;
			buildPhases = (
				C995624A29495C9F00DDB2B8 /* Sources */,
				C995624B29495C9F00DDB2B8 /* Frameworks */,
				C995624C29495C9F00DDB2B8 /* Resources */,
			);
			buildRules = (
			);
			dependencies = (
				C995625029495C9F00DDB2B8 /* PBXTargetDependency */,
			);
			name = "Weather-AppUITests";
			productName = "Weather-AppUITests";
			productReference = C995624E29495C9F00DDB2B8 /* Weather-AppUITests.xctest */;
			productType = "com.apple.product-type.bundle.ui-testing";
		};
/* End PBXNativeTarget section */

/* Begin PBXProject section */
		C995622629495C9D00DDB2B8 /* Project object */ = {
			isa = PBXProject;
			attributes = {
				BuildIndependentTargetsInParallel = 1;
				LastSwiftUpdateCheck = 1410;
				LastUpgradeCheck = 1410;
				TargetAttributes = {
					C995622D29495C9E00DDB2B8 = {
						CreatedOnToolsVersion = 14.1;
						LastSwiftMigration = 1410;
					};
					C995624329495C9F00DDB2B8 = {
						CreatedOnToolsVersion = 14.1;
						TestTargetID = C995622D29495C9E00DDB2B8;
					};
					C995624D29495C9F00DDB2B8 = {
						CreatedOnToolsVersion = 14.1;
						TestTargetID = C995622D29495C9E00DDB2B8;
					};
				};
			};
			buildConfigurationList = C995622929495C9D00DDB2B8 /* Build configuration list for PBXProject "Weather-App" */;
			compatibilityVersion = "Xcode 14.0";
			developmentRegion = en;
			hasScannedForEncodings = 0;
			knownRegions = (
				en,
				Base,
			);
			mainGroup = C995622529495C9D00DDB2B8;
			productRefGroup = C995622F29495C9E00DDB2B8 /* Products */;
			projectDirPath = "";
			projectRoot = "";
			targets = (
				C995622D29495C9E00DDB2B8 /* Weather-App */,
				C995624329495C9F00DDB2B8 /* Weather-AppTests */,
				C995624D29495C9F00DDB2B8 /* Weather-AppUITests */,
			);
		};
/* End PBXProject section */

/* Begin PBXResourcesBuildPhase section */
		C995622C29495C9E00DDB2B8 /* Resources */ = {
			isa = PBXResourcesBuildPhase;
			buildActionMask = 2147483647;
			files = (
				C995623E29495C9F00DDB2B8 /* LaunchScreen.storyboard in Resources */,
				C995623B29495C9F00DDB2B8 /* Assets.xcassets in Resources */,
			);
			runOnlyForDeploymentPostprocessing = 0;
		};
		C995624229495C9F00DDB2B8 /* Resources */ = {
			isa = PBXResourcesBuildPhase;
			buildActionMask = 2147483647;
			files = (
				C995626C2949638900DDB2B8 /* Info.plist in Resources */,
			);
			runOnlyForDeploymentPostprocessing = 0;
		};
		C995624C29495C9F00DDB2B8 /* Resources */ = {
			isa = PBXResourcesBuildPhase;
			buildActionMask = 2147483647;
			files = (
				C995626E2949639600DDB2B8 /* Info.plist in Resources */,
			);
			runOnlyForDeploymentPostprocessing = 0;
		};
/* End PBXResourcesBuildPhase section */

/* Begin PBXSourcesBuildPhase section */
		C995622A29495C9E00DDB2B8 /* Sources */ = {
			isa = PBXSourcesBuildPhase;
			buildActionMask = 2147483647;
			files = (
				C91700162949C67E0052AB4F /* ForecastCell.swift in Sources */,
				C91700212949C6850052AB4F /* DateExtension.swift in Sources */,
				C917002B2949C6920052AB4F /* NetworkProperties.swift in Sources */,
				C917002A2949C6920052AB4F /* NetworkManagerProtocol.swift in Sources */,
				C91700172949C67E0052AB4F /* HourlyCell.swift in Sources */,
				C93D7F972949BE7B00C86A7F /* AppDelegate.swift in Sources */,
				C91700252949C68B0052AB4F /* Weather.swift in Sources */,
				C93D7F952949BE7100C86A7F /* SceneDelegate.swift in Sources */,
				C91700222949C6850052AB4F /* IntExtension.swift in Sources */,
				C91700262949C68B0052AB4F /* Forecast.swift in Sources */,
				C917001A2949C6810052AB4F /* ViewController.swift in Sources */,
				C917002C2949C6920052AB4F /* WeatherNetworkManager.swift in Sources */,
				C91700122949C6780052AB4F /* ForecastViewController.swift in Sources */,
				C917001F2949C6850052AB4F /* ImageViewExtension.swift in Sources */,
				C91700182949C67E0052AB4F /* SelfConfiguringCell.swift in Sources */,
				C91700202949C6850052AB4F /* KelvinToCelciusConvertor.swift in Sources */,
			);
			runOnlyForDeploymentPostprocessing = 0;
		};
		C995624029495C9F00DDB2B8 /* Sources */ = {
			isa = PBXSourcesBuildPhase;
			buildActionMask = 2147483647;
			files = (
				C995624929495C9F00DDB2B8 /* Weather_AppTests.swift in Sources */,
			);
			runOnlyForDeploymentPostprocessing = 0;
		};
		C995624A29495C9F00DDB2B8 /* Sources */ = {
			isa = PBXSourcesBuildPhase;
			buildActionMask = 2147483647;
			files = (
				C995625329495C9F00DDB2B8 /* Weather_AppUITests.swift in Sources */,
				C995625529495C9F00DDB2B8 /* Weather_AppUITestsLaunchTests.swift in Sources */,
			);
			runOnlyForDeploymentPostprocessing = 0;
		};
/* End PBXSourcesBuildPhase section */

/* Begin PBXTargetDependency section */
		C995624629495C9F00DDB2B8 /* PBXTargetDependency */ = {
			isa = PBXTargetDependency;
			target = C995622D29495C9E00DDB2B8 /* Weather-App */;
			targetProxy = C995624529495C9F00DDB2B8 /* PBXContainerItemProxy */;
		};
		C995625029495C9F00DDB2B8 /* PBXTargetDependency */ = {
			isa = PBXTargetDependency;
			target = C995622D29495C9E00DDB2B8 /* Weather-App */;
			targetProxy = C995624F29495C9F00DDB2B8 /* PBXContainerItemProxy */;
		};
/* End PBXTargetDependency section */

/* Begin PBXVariantGroup section */
		C995623C29495C9F00DDB2B8 /* LaunchScreen.storyboard */ = {
			isa = PBXVariantGroup;
			children = (
				C995623D29495C9F00DDB2B8 /* Base */,
			);
			name = LaunchScreen.storyboard;
			sourceTree = "<group>";
		};
/* End PBXVariantGroup section */

/* Begin XCBuildConfiguration section */
		C995625629495C9F00DDB2B8 /* Debug */ = {
			isa = XCBuildConfiguration;
			buildSettings = {
				ALWAYS_SEARCH_USER_PATHS = NO;
				CLANG_ANALYZER_NONNULL = YES;
				CLANG_ANALYZER_NUMBER_OBJECT_CONVERSION = YES_AGGRESSIVE;
				CLANG_CXX_LANGUAGE_STANDARD = "gnu++20";
				CLANG_ENABLE_MODULES = YES;
				CLANG_ENABLE_OBJC_ARC = YES;
				CLANG_ENABLE_OBJC_WEAK = YES;
				CLANG_WARN_BLOCK_CAPTURE_AUTORELEASING = YES;
				CLANG_WARN_BOOL_CONVERSION = YES;
				CLANG_WARN_COMMA = YES;
				CLANG_WARN_CONSTANT_CONVERSION = YES;
				CLANG_WARN_DEPRECATED_OBJC_IMPLEMENTATIONS = YES;
				CLANG_WARN_DIRECT_OBJC_ISA_USAGE = YES_ERROR;
				CLANG_WARN_DOCUMENTATION_COMMENTS = YES;
				CLANG_WARN_EMPTY_BODY = YES;
				CLANG_WARN_ENUM_CONVERSION = YES;
				CLANG_WARN_INFINITE_RECURSION = YES;
				CLANG_WARN_INT_CONVERSION = YES;
				CLANG_WARN_NON_LITERAL_NULL_CONVERSION = YES;
				CLANG_WARN_OBJC_IMPLICIT_RETAIN_SELF = YES;
				CLANG_WARN_OBJC_LITERAL_CONVERSION = YES;
				CLANG_WARN_OBJC_ROOT_CLASS = YES_ERROR;
				CLANG_WARN_QUOTED_INCLUDE_IN_FRAMEWORK_HEADER = YES;
				CLANG_WARN_RANGE_LOOP_ANALYSIS = YES;
				CLANG_WARN_STRICT_PROTOTYPES = YES;
				CLANG_WARN_SUSPICIOUS_MOVE = YES;
				CLANG_WARN_UNGUARDED_AVAILABILITY = YES_AGGRESSIVE;
				CLANG_WARN_UNREACHABLE_CODE = YES;
				CLANG_WARN__DUPLICATE_METHOD_MATCH = YES;
				COPY_PHASE_STRIP = NO;
				DEBUG_INFORMATION_FORMAT = dwarf;
				ENABLE_STRICT_OBJC_MSGSEND = YES;
				ENABLE_TESTABILITY = YES;
				GCC_C_LANGUAGE_STANDARD = gnu11;
				GCC_DYNAMIC_NO_PIC = NO;
				GCC_NO_COMMON_BLOCKS = YES;
				GCC_OPTIMIZATION_LEVEL = 0;
				GCC_PREPROCESSOR_DEFINITIONS = (
					"DEBUG=1",
					"$(inherited)",
				);
				GCC_WARN_64_TO_32_BIT_CONVERSION = YES;
				GCC_WARN_ABOUT_RETURN_TYPE = YES_ERROR;
				GCC_WARN_UNDECLARED_SELECTOR = YES;
				GCC_WARN_UNINITIALIZED_AUTOS = YES_AGGRESSIVE;
				GCC_WARN_UNUSED_FUNCTION = YES;
				GCC_WARN_UNUSED_VARIABLE = YES;
				IPHONEOS_DEPLOYMENT_TARGET = 16.1;
				MTL_ENABLE_DEBUG_INFO = INCLUDE_SOURCE;
				MTL_FAST_MATH = YES;
				ONLY_ACTIVE_ARCH = YES;
				SDKROOT = iphoneos;
				SWIFT_ACTIVE_COMPILATION_CONDITIONS = DEBUG;
				SWIFT_OPTIMIZATION_LEVEL = "-Onone";
			};
			name = Debug;
		};
		C995625729495C9F00DDB2B8 /* Release */ = {
			isa = XCBuildConfiguration;
			buildSettings = {
				ALWAYS_SEARCH_USER_PATHS = NO;
				CLANG_ANALYZER_NONNULL = YES;
				CLANG_ANALYZER_NUMBER_OBJECT_CONVERSION = YES_AGGRESSIVE;
				CLANG_CXX_LANGUAGE_STANDARD = "gnu++20";
				CLANG_ENABLE_MODULES = YES;
				CLANG_ENABLE_OBJC_ARC = YES;
				CLANG_ENABLE_OBJC_WEAK = YES;
				CLANG_WARN_BLOCK_CAPTURE_AUTORELEASING = YES;
				CLANG_WARN_BOOL_CONVERSION = YES;
				CLANG_WARN_COMMA = YES;
				CLANG_WARN_CONSTANT_CONVERSION = YES;
				CLANG_WARN_DEPRECATED_OBJC_IMPLEMENTATIONS = YES;
				CLANG_WARN_DIRECT_OBJC_ISA_USAGE = YES_ERROR;
				CLANG_WARN_DOCUMENTATION_COMMENTS = YES;
				CLANG_WARN_EMPTY_BODY = YES;
				CLANG_WARN_ENUM_CONVERSION = YES;
				CLANG_WARN_INFINITE_RECURSION = YES;
				CLANG_WARN_INT_CONVERSION = YES;
				CLANG_WARN_NON_LITERAL_NULL_CONVERSION = YES;
				CLANG_WARN_OBJC_IMPLICIT_RETAIN_SELF = YES;
				CLANG_WARN_OBJC_LITERAL_CONVERSION = YES;
				CLANG_WARN_OBJC_ROOT_CLASS = YES_ERROR;
				CLANG_WARN_QUOTED_INCLUDE_IN_FRAMEWORK_HEADER = YES;
				CLANG_WARN_RANGE_LOOP_ANALYSIS = YES;
				CLANG_WARN_STRICT_PROTOTYPES = YES;
				CLANG_WARN_SUSPICIOUS_MOVE = YES;
				CLANG_WARN_UNGUARDED_AVAILABILITY = YES_AGGRESSIVE;
				CLANG_WARN_UNREACHABLE_CODE = YES;
				CLANG_WARN__DUPLICATE_METHOD_MATCH = YES;
				COPY_PHASE_STRIP = NO;
				DEBUG_INFORMATION_FORMAT = "dwarf-with-dsym";
				ENABLE_NS_ASSERTIONS = NO;
				ENABLE_STRICT_OBJC_MSGSEND = YES;
				GCC_C_LANGUAGE_STANDARD = gnu11;
				GCC_NO_COMMON_BLOCKS = YES;
				GCC_WARN_64_TO_32_BIT_CONVERSION = YES;
				GCC_WARN_ABOUT_RETURN_TYPE = YES_ERROR;
				GCC_WARN_UNDECLARED_SELECTOR = YES;
				GCC_WARN_UNINITIALIZED_AUTOS = YES_AGGRESSIVE;
				GCC_WARN_UNUSED_FUNCTION = YES;
				GCC_WARN_UNUSED_VARIABLE = YES;
				IPHONEOS_DEPLOYMENT_TARGET = 16.1;
				MTL_ENABLE_DEBUG_INFO = NO;
				MTL_FAST_MATH = YES;
				SDKROOT = iphoneos;
				SWIFT_COMPILATION_MODE = wholemodule;
				SWIFT_OPTIMIZATION_LEVEL = "-O";
				VALIDATE_PRODUCT = YES;
			};
			name = Release;
		};
		C995625929495C9F00DDB2B8 /* Debug */ = {
			isa = XCBuildConfiguration;
			buildSettings = {
				ASSETCATALOG_COMPILER_APPICON_NAME = AppIcon;
				ASSETCATALOG_COMPILER_GLOBAL_ACCENT_COLOR_NAME = AccentColor;
				CLANG_ENABLE_MODULES = YES;
				CODE_SIGN_STYLE = Automatic;
				CURRENT_PROJECT_VERSION = 1;
				DEVELOPMENT_TEAM = HRNU7496K7;
				GENERATE_INFOPLIST_FILE = YES;
				INFOPLIST_FILE = "Weather-App/Info.plist";
				INFOPLIST_KEY_UIApplicationSupportsIndirectInputEvents = YES;
				INFOPLIST_KEY_UILaunchStoryboardName = LaunchScreen;
				INFOPLIST_KEY_UIMainStoryboardFile = "";
				INFOPLIST_KEY_UISupportedInterfaceOrientations_iPad = "UIInterfaceOrientationPortrait UIInterfaceOrientationPortraitUpsideDown UIInterfaceOrientationLandscapeLeft UIInterfaceOrientationLandscapeRight";
				INFOPLIST_KEY_UISupportedInterfaceOrientations_iPhone = "UIInterfaceOrientationPortrait UIInterfaceOrientationLandscapeLeft UIInterfaceOrientationLandscapeRight";
				IPHONEOS_DEPLOYMENT_TARGET = 15.5;
				LD_RUNPATH_SEARCH_PATHS = (
					"$(inherited)",
					"@executable_path/Frameworks",
				);
				MARKETING_VERSION = 1.0;
				PRODUCT_BUNDLE_IDENTIFIER = "nnosirov99.company.Weather-App";
				PRODUCT_NAME = "$(TARGET_NAME)";
				SWIFT_EMIT_LOC_STRINGS = YES;
				SWIFT_OPTIMIZATION_LEVEL = "-Onone";
				SWIFT_VERSION = 5.0;
				TARGETED_DEVICE_FAMILY = "1,2";
			};
			name = Debug;
		};
		C995625A29495C9F00DDB2B8 /* Release */ = {
			isa = XCBuildConfiguration;
			buildSettings = {
				ASSETCATALOG_COMPILER_APPICON_NAME = AppIcon;
				ASSETCATALOG_COMPILER_GLOBAL_ACCENT_COLOR_NAME = AccentColor;
				CLANG_ENABLE_MODULES = YES;
				CODE_SIGN_STYLE = Automatic;
				CURRENT_PROJECT_VERSION = 1;
				DEVELOPMENT_TEAM = HRNU7496K7;
				GENERATE_INFOPLIST_FILE = YES;
				INFOPLIST_FILE = "Weather-App/Info.plist";
				INFOPLIST_KEY_UIApplicationSupportsIndirectInputEvents = YES;
				INFOPLIST_KEY_UILaunchStoryboardName = LaunchScreen;
				INFOPLIST_KEY_UIMainStoryboardFile = "";
				INFOPLIST_KEY_UISupportedInterfaceOrientations_iPad = "UIInterfaceOrientationPortrait UIInterfaceOrientationPortraitUpsideDown UIInterfaceOrientationLandscapeLeft UIInterfaceOrientationLandscapeRight";
				INFOPLIST_KEY_UISupportedInterfaceOrientations_iPhone = "UIInterfaceOrientationPortrait UIInterfaceOrientationLandscapeLeft UIInterfaceOrientationLandscapeRight";
				IPHONEOS_DEPLOYMENT_TARGET = 15.5;
				LD_RUNPATH_SEARCH_PATHS = (
					"$(inherited)",
					"@executable_path/Frameworks",
				);
				MARKETING_VERSION = 1.0;
				PRODUCT_BUNDLE_IDENTIFIER = "nnosirov99.company.Weather-App";
				PRODUCT_NAME = "$(TARGET_NAME)";
				SWIFT_EMIT_LOC_STRINGS = YES;
				SWIFT_VERSION = 5.0;
				TARGETED_DEVICE_FAMILY = "1,2";
			};
			name = Release;
		};
		C995625C29495C9F00DDB2B8 /* Debug */ = {
			isa = XCBuildConfiguration;
			buildSettings = {
				ALWAYS_EMBED_SWIFT_STANDARD_LIBRARIES = YES;
				BUNDLE_LOADER = "$(TEST_HOST)";
				CODE_SIGN_STYLE = Automatic;
				CURRENT_PROJECT_VERSION = 1;
				DEVELOPMENT_TEAM = HRNU7496K7;
				GENERATE_INFOPLIST_FILE = YES;
				IPHONEOS_DEPLOYMENT_TARGET = 16.1;
				MARKETING_VERSION = 1.0;
				PRODUCT_BUNDLE_IDENTIFIER = "nnosirov99.company.Weather-AppTests";
				PRODUCT_NAME = "$(TARGET_NAME)";
				SWIFT_EMIT_LOC_STRINGS = NO;
				SWIFT_VERSION = 5.0;
				TARGETED_DEVICE_FAMILY = "1,2";
				TEST_HOST = "$(BUILT_PRODUCTS_DIR)/Weather-App.app/$(BUNDLE_EXECUTABLE_FOLDER_PATH)/Weather-App";
			};
			name = Debug;
		};
		C995625D29495C9F00DDB2B8 /* Release */ = {
			isa = XCBuildConfiguration;
			buildSettings = {
				ALWAYS_EMBED_SWIFT_STANDARD_LIBRARIES = YES;
				BUNDLE_LOADER = "$(TEST_HOST)";
				CODE_SIGN_STYLE = Automatic;
				CURRENT_PROJECT_VERSION = 1;
				DEVELOPMENT_TEAM = HRNU7496K7;
				GENERATE_INFOPLIST_FILE = YES;
				IPHONEOS_DEPLOYMENT_TARGET = 16.1;
				MARKETING_VERSION = 1.0;
				PRODUCT_BUNDLE_IDENTIFIER = "nnosirov99.company.Weather-AppTests";
				PRODUCT_NAME = "$(TARGET_NAME)";
				SWIFT_EMIT_LOC_STRINGS = NO;
				SWIFT_VERSION = 5.0;
				TARGETED_DEVICE_FAMILY = "1,2";
				TEST_HOST = "$(BUILT_PRODUCTS_DIR)/Weather-App.app/$(BUNDLE_EXECUTABLE_FOLDER_PATH)/Weather-App";
			};
			name = Release;
		};
		C995625F29495C9F00DDB2B8 /* Debug */ = {
			isa = XCBuildConfiguration;
			buildSettings = {
				ALWAYS_EMBED_SWIFT_STANDARD_LIBRARIES = YES;
				CODE_SIGN_STYLE = Automatic;
				CURRENT_PROJECT_VERSION = 1;
				DEVELOPMENT_TEAM = HRNU7496K7;
				GENERATE_INFOPLIST_FILE = YES;
				MARKETING_VERSION = 1.0;
				PRODUCT_BUNDLE_IDENTIFIER = "nnosirov99.company.Weather-AppUITests";
				PRODUCT_NAME = "$(TARGET_NAME)";
				SWIFT_EMIT_LOC_STRINGS = NO;
				SWIFT_VERSION = 5.0;
				TARGETED_DEVICE_FAMILY = "1,2";
				TEST_TARGET_NAME = "Weather-App";
			};
			name = Debug;
		};
		C995626029495C9F00DDB2B8 /* Release */ = {
			isa = XCBuildConfiguration;
			buildSettings = {
				ALWAYS_EMBED_SWIFT_STANDARD_LIBRARIES = YES;
				CODE_SIGN_STYLE = Automatic;
				CURRENT_PROJECT_VERSION = 1;
				DEVELOPMENT_TEAM = HRNU7496K7;
				GENERATE_INFOPLIST_FILE = YES;
				MARKETING_VERSION = 1.0;
				PRODUCT_BUNDLE_IDENTIFIER = "nnosirov99.company.Weather-AppUITests";
				PRODUCT_NAME = "$(TARGET_NAME)";
				SWIFT_EMIT_LOC_STRINGS = NO;
				SWIFT_VERSION = 5.0;
				TARGETED_DEVICE_FAMILY = "1,2";
				TEST_TARGET_NAME = "Weather-App";
			};
			name = Release;
		};
/* End XCBuildConfiguration section */

/* Begin XCConfigurationList section */
		C995622929495C9D00DDB2B8 /* Build configuration list for PBXProject "Weather-App" */ = {
			isa = XCConfigurationList;
			buildConfigurations = (
				C995625629495C9F00DDB2B8 /* Debug */,
				C995625729495C9F00DDB2B8 /* Release */,
			);
			defaultConfigurationIsVisible = 0;
			defaultConfigurationName = Release;
		};
		C995625829495C9F00DDB2B8 /* Build configuration list for PBXNativeTarget "Weather-App" */ = {
			isa = XCConfigurationList;
			buildConfigurations = (
				C995625929495C9F00DDB2B8 /* Debug */,
				C995625A29495C9F00DDB2B8 /* Release */,
			);
			defaultConfigurationIsVisible = 0;
			defaultConfigurationName = Release;
		};
		C995625B29495C9F00DDB2B8 /* Build configuration list for PBXNativeTarget "Weather-AppTests" */ = {
			isa = XCConfigurationList;
			buildConfigurations = (
				C995625C29495C9F00DDB2B8 /* Debug */,
				C995625D29495C9F00DDB2B8 /* Release */,
			);
			defaultConfigurationIsVisible = 0;
			defaultConfigurationName = Release;
		};
		C995625E29495C9F00DDB2B8 /* Build configuration list for PBXNativeTarget "Weather-AppUITests" */ = {
			isa = XCConfigurationList;
			buildConfigurations = (
				C995625F29495C9F00DDB2B8 /* Debug */,
				C995626029495C9F00DDB2B8 /* Release */,
			);
			defaultConfigurationIsVisible = 0;
			defaultConfigurationName = Release;
		};
/* End XCConfigurationList section */
	};
	rootObject = C995622629495C9D00DDB2B8 /* Project object */;
}
